
Microsoft Visual Studio Solution File, Format Version 12.00
Project("{FAE04EC0-301F-11D3-BF4B-00C04F79EFBC}") = "ConsoleTestingProject", "ConsoleTestingProject.csproj", "{BC5428D3-829B-4937-B1E5-0A8B85B058DA}"
EndProject
Global
	GlobalSection(SolutionConfigurationPlatforms) = preSolution
		Debug|Any CPU = Debug|Any CPU
		Release|Any CPU = Release|Any CPU
	EndGlobalSection
	GlobalSection(ProjectConfigurationPlatforms) = postSolution
		{BC5428D3-829B-4937-B1E5-0A8B85B058DA}.Debug|Any CPU.ActiveCfg = Debug|Any CPU
		{BC5428D3-829B-4937-B1E5-0A8B85B058DA}.Debug|Any CPU.Build.0 = Debug|Any CPU
		{BC5428D3-829B-4937-B1E5-0A8B85B058DA}.Release|Any CPU.ActiveCfg = Release|Any CPU
		{BC5428D3-829B-4937-B1E5-0A8B85B058DA}.Release|Any CPU.Build.0 = Release|Any CPU
	EndGlobalSection
EndGlobal
